
Microsoft Visual Studio Solution File, Format Version 12.00
Project("{FAE04EC0-301F-11D3-BF4B-00C04F79EFBC}") = "TargetedGhostmode", "TargetedGhostmode\TargetedGhostmode.csproj", "{4E55773D-8DC3-441C-9FD1-8D0EB689AD7E}"
EndProject
Global
	GlobalSection(SolutionConfigurationPlatforms) = preSolution
		Debug|Any CPU = Debug|Any CPU
		Release|Any CPU = Release|Any CPU
	EndGlobalSection
	GlobalSection(ProjectConfigurationPlatforms) = postSolution
		{4E55773D-8DC3-441C-9FD1-8D0EB689AD7E}.Debug|Any CPU.ActiveCfg = Debug|Any CPU
		{4E55773D-8DC3-441C-9FD1-8D0EB689AD7E}.Debug|Any CPU.Build.0 = Debug|Any CPU
		{4E55773D-8DC3-441C-9FD1-8D0EB689AD7E}.Release|Any CPU.ActiveCfg = Release|Any CPU
		{4E55773D-8DC3-441C-9FD1-8D0EB689AD7E}.Release|Any CPU.Build.0 = Release|Any CPU
	EndGlobalSection
EndGlobal
